<?xml version="1.0" encoding="utf-8"?>
<Project ToolsVersion="15.0" xmlns="http://schemas.microsoft.com/developer/msbuild/2003">
  <ItemGroup>
    <ClCompile Include="C:\Users\v-liderman\DataAdapter\LIB\yajl\src\yajl.c">
      <Filter>Source Files</Filter>
    </ClCompile>
    <ClCompile Include="C:\Users\v-liderman\DataAdapter\LIB\yajl\src\yajl_lex.c">
      <Filter>Source Files</Filter>
    </ClCompile>
    <ClCompile Include="C:\Users\v-liderman\DataAdapter\LIB\yajl\src\yajl_parser.c">
      <Filter>Source Files</Filter>
    </ClCompile>
    <ClCompile Include="C:\Users\v-liderman\DataAdapter\LIB\yajl\src\yajl_buf.c">
      <Filter>Source Files</Filter>
    </ClCompile>
    <ClCompile Include="C:\Users\v-liderman\DataAdapter\LIB\yajl\src\yajl_encode.c">
      <Filter>Source Files</Filter>
    </ClCompile>
    <ClCompile Include="C:\Users\v-liderman\DataAdapter\LIB\yajl\src\yajl_gen.c">
      <Filter>Source Files</Filter>
    </ClCompile>
    <ClCompile Include="C:\Users\v-liderman\DataAdapter\LIB\yajl\src\yajl_alloc.c">
      <Filter>Source Files</Filter>
    </ClCompile>
    <ClCompile Include="C:\Users\v-liderman\DataAdapter\LIB\yajl\src\yajl_tree.c">
      <Filter>Source Files</Filter>
    </ClCompile>
    <ClCompile Include="C:\Users\v-liderman\DataAdapter\LIB\yajl\src\yajl_version.c">
      <Filter>Source Files</Filter>
    </ClCompile>
  </ItemGroup>
  <ItemGroup>
    <ClInclude Include="C:\Users\v-liderman\DataAdapter\LIB\yajl\src\yajl_parser.h">
      <Filter>Header Files</Filter>
    </ClInclude>
    <ClInclude Include="C:\Users\v-liderman\DataAdapter\LIB\yajl\src\yajl_lex.h">
      <Filter>Header Files</Filter>
    </ClInclude>
    <ClInclude Include="C:\Users\v-liderman\DataAdapter\LIB\yajl\src\yajl_buf.h">
      <Filter>Header Files</Filter>
    </ClInclude>
    <ClInclude Include="C:\Users\v-liderman\DataAdapter\LIB\yajl\src\yajl_encode.h">
      <Filter>Header Files</Filter>
    </ClInclude>
    <ClInclude Include="C:\Users\v-liderman\DataAdapter\LIB\yajl\src\yajl_alloc.h">
      <Filter>Header Files</Filter>
    </ClInclude>
    <ClInclude Include="C:\Users\v-liderman\DataAdapter\LIB\yajl\src\api\yajl_parse.h">
      <Filter>Header Files</Filter>
    </ClInclude>
    <ClInclude Include="C:\Users\v-liderman\DataAdapter\LIB\yajl\src\api\yajl_gen.h">
      <Filter>Header Files</Filter>
    </ClInclude>
    <ClInclude Include="C:\Users\v-liderman\DataAdapter\LIB\yajl\src\api\yajl_common.h">
      <Filter>Header Files</Filter>
    </ClInclude>
    <ClInclude Include="C:\Users\v-liderman\DataAdapter\LIB\yajl\src\api\yajl_tree.h">
      <Filter>Header Files</Filter>
    </ClInclude>
  </ItemGroup>
  <ItemGroup>
    <CustomBuild Include="C:\Users\v-liderman\DataAdapter\LIB\yajl\src\CMakeLists.txt" />
  </ItemGroup>
  <ItemGroup>
    <Filter Include="Header Files">
      <UniqueIdentifier>{1478A354-5E35-3D87-A9B4-D6C203F1C371}</UniqueIdentifier>
    </Filter>
    <Filter Include="Source Files">
      <UniqueIdentifier>{A71630C3-6384-3C3C-9700-54CE696F05D2}</UniqueIdentifier>
    </Filter>
  </ItemGroup>
</Project>
